
Microsoft Visual Studio Solution File, Format Version 12.00
Project("{FAE04EC0-301F-11D3-BF4B-00C04F79EFBC}") = "HealthConnect", "HealthConnect\HealthConnect.csproj", "{60CF7677-9ABE-4B03-A02D-D1E3BA908D9A}"
EndProject
Global
	GlobalSection(SolutionConfigurationPlatforms) = preSolution
		Debug|Any CPU = Debug|Any CPU
		Release|Any CPU = Release|Any CPU
	EndGlobalSection
	GlobalSection(ProjectConfigurationPlatforms) = postSolution
		{60CF7677-9ABE-4B03-A02D-D1E3BA908D9A}.Debug|Any CPU.ActiveCfg = Debug|Any CPU
		{60CF7677-9ABE-4B03-A02D-D1E3BA908D9A}.Debug|Any CPU.Build.0 = Debug|Any CPU
		{60CF7677-9ABE-4B03-A02D-D1E3BA908D9A}.Release|Any CPU.ActiveCfg = Release|Any CPU
		{60CF7677-9ABE-4B03-A02D-D1E3BA908D9A}.Release|Any CPU.Build.0 = Release|Any CPU
	EndGlobalSection
EndGlobal
